
Microsoft Visual Studio Solution File, Format Version 12.00
# Visual Studio 15
VisualStudioVersion = 15.0.26124.0
MinimumVisualStudioVersion = 15.0.26124.0
Project("{9A19103F-16F7-4668-BE54-9A1E7A4F7556}") = "model", "model\model.csproj", "{A5558ED8-BC8E-4373-B0E0-4CEED6B1573A}"
EndProject
Project("{9A19103F-16F7-4668-BE54-9A1E7A4F7556}") = "runner", "runner\runner.csproj", "{60D8D205-C60A-4E6A-914F-DEA2D096D4F8}"
EndProject
Project("{2150E333-8FDC-42A3-9474-1A3956D46DE8}") = "Solution Items", "Solution Items", "{97503250-7E4D-4E87-B83C-C334F808AD37}"
	ProjectSection(SolutionItems) = preProject
		.editorconfig = .editorconfig
	EndProjectSection
EndProject
Global
	GlobalSection(SolutionConfigurationPlatforms) = preSolution
		Debug|Any CPU = Debug|Any CPU
		Debug|x64 = Debug|x64
		Debug|x86 = Debug|x86
		Release|Any CPU = Release|Any CPU
		Release|x64 = Release|x64
		Release|x86 = Release|x86
	EndGlobalSection
	GlobalSection(ProjectConfigurationPlatforms) = postSolution
		{A5558ED8-BC8E-4373-B0E0-4CEED6B1573A}.Debug|Any CPU.ActiveCfg = Debug|Any CPU
		{A5558ED8-BC8E-4373-B0E0-4CEED6B1573A}.Debug|Any CPU.Build.0 = Debug|Any CPU
		{A5558ED8-BC8E-4373-B0E0-4CEED6B1573A}.Debug|x64.ActiveCfg = Debug|Any CPU
		{A5558ED8-BC8E-4373-B0E0-4CEED6B1573A}.Debug|x64.Build.0 = Debug|Any CPU
		{A5558ED8-BC8E-4373-B0E0-4CEED6B1573A}.Debug|x86.ActiveCfg = Debug|Any CPU
		{A5558ED8-BC8E-4373-B0E0-4CEED6B1573A}.Debug|x86.Build.0 = Debug|Any CPU
		{A5558ED8-BC8E-4373-B0E0-4CEED6B1573A}.Release|Any CPU.ActiveCfg = Release|Any CPU
		{A5558ED8-BC8E-4373-B0E0-4CEED6B1573A}.Release|Any CPU.Build.0 = Release|Any CPU
		{A5558ED8-BC8E-4373-B0E0-4CEED6B1573A}.Release|x64.ActiveCfg = Release|Any CPU
		{A5558ED8-BC8E-4373-B0E0-4CEED6B1573A}.Release|x64.Build.0 = Release|Any CPU
		{A5558ED8-BC8E-4373-B0E0-4CEED6B1573A}.Release|x86.ActiveCfg = Release|Any CPU
		{A5558ED8-BC8E-4373-B0E0-4CEED6B1573A}.Release|x86.Build.0 = Release|Any CPU
		{60D8D205-C60A-4E6A-914F-DEA2D096D4F8}.Debug|Any CPU.ActiveCfg = Debug|Any CPU
		{60D8D205-C60A-4E6A-914F-DEA2D096D4F8}.Debug|Any CPU.Build.0 = Debug|Any CPU
		{60D8D205-C60A-4E6A-914F-DEA2D096D4F8}.Debug|x64.ActiveCfg = Debug|Any CPU
		{60D8D205-C60A-4E6A-914F-DEA2D096D4F8}.Debug|x64.Build.0 = Debug|Any CPU
		{60D8D205-C60A-4E6A-914F-DEA2D096D4F8}.Debug|x86.ActiveCfg = Debug|Any CPU
		{60D8D205-C60A-4E6A-914F-DEA2D096D4F8}.Debug|x86.Build.0 = Debug|Any CPU
		{60D8D205-C60A-4E6A-914F-DEA2D096D4F8}.Release|Any CPU.ActiveCfg = Release|Any CPU
		{60D8D205-C60A-4E6A-914F-DEA2D096D4F8}.Release|Any CPU.Build.0 = Release|Any CPU
		{60D8D205-C60A-4E6A-914F-DEA2D096D4F8}.Release|x64.ActiveCfg = Release|Any CPU
		{60D8D205-C60A-4E6A-914F-DEA2D096D4F8}.Release|x64.Build.0 = Release|Any CPU
		{60D8D205-C60A-4E6A-914F-DEA2D096D4F8}.Release|x86.ActiveCfg = Release|Any CPU
		{60D8D205-C60A-4E6A-914F-DEA2D096D4F8}.Release|x86.Build.0 = Release|Any CPU
	EndGlobalSection
	GlobalSection(SolutionProperties) = preSolution
		HideSolutionNode = FALSE
	EndGlobalSection
	GlobalSection(ExtensibilityGlobals) = postSolution
		SolutionGuid = {90D4A8CF-2C99-4103-BDF8-648788B98A36}
	EndGlobalSection
EndGlobal
